
Microsoft Visual Studio Solution File, Format Version 12.00
# Visual Studio 15
VisualStudioVersion = 15.0.27004.2005
MinimumVisualStudioVersion = 10.0.40219.1
Project("{FAE04EC0-301F-11D3-BF4B-00C04F79EFBC}") = "GC_Deliverable10_Lab9_CircleMetrics", "GC_Deliverable10_Lab9_CircleMetrics\GC_Deliverable10_Lab9_CircleMetrics.csproj", "{AE119F75-7677-4F40-B522-51C42163F8CD}"
EndProject
Project("{2150E333-8FDC-42A3-9474-1A3956D46DE8}") = "Solution Items", "Solution Items", "{8E75BF66-1296-4A91-AA05-5AB0D5EDF9F7}"
	ProjectSection(SolutionItems) = preProject
		.gitignore = .gitignore
	EndProjectSection
EndProject
Global
	GlobalSection(SolutionConfigurationPlatforms) = preSolution
		Debug|Any CPU = Debug|Any CPU
		Release|Any CPU = Release|Any CPU
	EndGlobalSection
	GlobalSection(ProjectConfigurationPlatforms) = postSolution
		{AE119F75-7677-4F40-B522-51C42163F8CD}.Debug|Any CPU.ActiveCfg = Debug|Any CPU
		{AE119F75-7677-4F40-B522-51C42163F8CD}.Debug|Any CPU.Build.0 = Debug|Any CPU
		{AE119F75-7677-4F40-B522-51C42163F8CD}.Release|Any CPU.ActiveCfg = Release|Any CPU
		{AE119F75-7677-4F40-B522-51C42163F8CD}.Release|Any CPU.Build.0 = Release|Any CPU
	EndGlobalSection
	GlobalSection(SolutionProperties) = preSolution
		HideSolutionNode = FALSE
	EndGlobalSection
	GlobalSection(ExtensibilityGlobals) = postSolution
		SolutionGuid = {8ED17B2D-9582-4DFA-A135-AF76A31387E0}
	EndGlobalSection
EndGlobal
